
Microsoft Visual Studio Solution File, Format Version 12.00
# Visual Studio Version 17
VisualStudioVersion = 17.4.33103.184
MinimumVisualStudioVersion = 10.0.40219.1
Project("{FAE04EC0-301F-11D3-BF4B-00C04F79EFBC}") = "SehirRehberi.API", "SehirRehberi.API\SehirRehberi.API.csproj", "{CC85DDED-928D-4D3C-96CB-BD86B2BE343C}"
EndProject
Global
	GlobalSection(SolutionConfigurationPlatforms) = preSolution
		Debug|Any CPU = Debug|Any CPU
		Release|Any CPU = Release|Any CPU
	EndGlobalSection
	GlobalSection(ProjectConfigurationPlatforms) = postSolution
		{CC85DDED-928D-4D3C-96CB-BD86B2BE343C}.Debug|Any CPU.ActiveCfg = Debug|Any CPU
		{CC85DDED-928D-4D3C-96CB-BD86B2BE343C}.Debug|Any CPU.Build.0 = Debug|Any CPU
		{CC85DDED-928D-4D3C-96CB-BD86B2BE343C}.Release|Any CPU.ActiveCfg = Release|Any CPU
		{CC85DDED-928D-4D3C-96CB-BD86B2BE343C}.Release|Any CPU.Build.0 = Release|Any CPU
	EndGlobalSection
	GlobalSection(SolutionProperties) = preSolution
		HideSolutionNode = FALSE
	EndGlobalSection
	GlobalSection(ExtensibilityGlobals) = postSolution
		SolutionGuid = {56CC1F88-6DA7-4F6C-BBA4-D0998479E7CA}
	EndGlobalSection
EndGlobal
